
Microsoft Visual Studio Solution File, Format Version 12.00
# Visual Studio Version 16
VisualStudioVersion = 16.0.32630.194
MinimumVisualStudioVersion = 10.0.40219.1
Project("{FAE04EC0-301F-11D3-BF4B-00C04F79EFBC}") = "Introducao", "Introducao\Introducao.csproj", "{ABA72D48-1433-4CF7-B9E7-A4773129843B}"
EndProject
Global
	GlobalSection(SolutionConfigurationPlatforms) = preSolution
		Debug|Any CPU = Debug|Any CPU
		Release|Any CPU = Release|Any CPU
	EndGlobalSection
	GlobalSection(ProjectConfigurationPlatforms) = postSolution
		{ABA72D48-1433-4CF7-B9E7-A4773129843B}.Debug|Any CPU.ActiveCfg = Debug|Any CPU
		{ABA72D48-1433-4CF7-B9E7-A4773129843B}.Debug|Any CPU.Build.0 = Debug|Any CPU
		{ABA72D48-1433-4CF7-B9E7-A4773129843B}.Release|Any CPU.ActiveCfg = Release|Any CPU
		{ABA72D48-1433-4CF7-B9E7-A4773129843B}.Release|Any CPU.Build.0 = Release|Any CPU
	EndGlobalSection
	GlobalSection(SolutionProperties) = preSolution
		HideSolutionNode = FALSE
	EndGlobalSection
	GlobalSection(ExtensibilityGlobals) = postSolution
		SolutionGuid = {F3058E63-A3A3-46D5-9FCE-0A36CD9FF583}
	EndGlobalSection
EndGlobal
